# THIS IS AN AUTOGENERATED FILE. DO NOT EDIT THIS FILE DIRECTLY.
# yarn lockfile v1


miniprogram-recycle-view@^0.1.5:
  version "0.1.5"
  resolved "https://registry.npmmirror.com/miniprogram-recycle-view/-/miniprogram-recycle-view-0.1.5.tgz#854c2fe0df63c2165f739c8e0446aa35aa6c7d78"
  integrity sha512-Pfm/u+jfg+b5zDhjXqm7QbR9IuViqX8JyzcHDgr6Zw9wSK0wmbXNzscA1WoSnGP5Z2nG2TIqtiNXvEbvsyrxXA==
