# THIS IS AN AUTOGENERATED FILE. DO NOT EDIT THIS FILE DIRECTLY.
# yarn lockfile v1


miniprogram-recycle-view@^0.1.5:
  version "0.1.5"
  resolved "https://registry.npmmirror.com/miniprogram-recycle-view/-/miniprogram-recycle-view-0.1.5.tgz#854c2fe0df63c2165f739c8e0446aa35aa6c7d78"
  integrity sha512-Pfm/u+jfg+b5zDhjXqm7QbR9IuViqX8JyzcHDgr6Zw9wSK0wmbXNzscA1WoSnGP5Z2nG2TIqtiNXvEbvsyrxXA==

priority-async-queue@2.1.1:
  version "2.1.1"
  resolved "https://registry.npmmirror.com/priority-async-queue/-/priority-async-queue-2.1.1.tgz#3df71920ce8a5e570468edb3eb0924413236d17e"
  integrity sha512-f4Swt4l99Yph7ziJAR+dBYVMZjG9OmjwQt0e5nvvmBSLW9LMIfFaRcWD+b50+rxQobtNZmXdQNlls7WKa8xkeg==
